
Microsoft Visual Studio Solution File, Format Version 12.00
# Visual Studio Version 17
VisualStudioVersion = 17.2.32526.322
MinimumVisualStudioVersion = 10.0.40219.1
Project("{FAE04EC0-301F-11D3-BF4B-00C04F79EFBC}") = "Algorai 3 užduotis 1lab", "Algorai 3 užduotis 1lab\Algorai 3 užduotis 1lab.csproj", "{E5A5E34B-9B49-4EE6-8677-E0B535F2A3ED}"
EndProject
Global
	GlobalSection(SolutionConfigurationPlatforms) = preSolution
		Debug|Any CPU = Debug|Any CPU
		Release|Any CPU = Release|Any CPU
	EndGlobalSection
	GlobalSection(ProjectConfigurationPlatforms) = postSolution
		{E5A5E34B-9B49-4EE6-8677-E0B535F2A3ED}.Debug|Any CPU.ActiveCfg = Debug|Any CPU
		{E5A5E34B-9B49-4EE6-8677-E0B535F2A3ED}.Debug|Any CPU.Build.0 = Debug|Any CPU
		{E5A5E34B-9B49-4EE6-8677-E0B535F2A3ED}.Release|Any CPU.ActiveCfg = Release|Any CPU
		{E5A5E34B-9B49-4EE6-8677-E0B535F2A3ED}.Release|Any CPU.Build.0 = Release|Any CPU
	EndGlobalSection
	GlobalSection(SolutionProperties) = preSolution
		HideSolutionNode = FALSE
	EndGlobalSection
	GlobalSection(ExtensibilityGlobals) = postSolution
		SolutionGuid = {4F5CE68F-A954-40C7-9B40-8B2FA7573171}
	EndGlobalSection
EndGlobal
